
Microsoft Visual Studio Solution File, Format Version 12.00
# Visual Studio 15
Project("{FAE04EC0-301F-11D3-BF4B-00C04F79EFBC}") = "EagleBarista2d", "EagleBarista2d.csproj", "{F088EED1-F6B6-0A78-BC14-9A79BA2922AA}"
EndProject
Global
	GlobalSection(SolutionConfigurationPlatforms) = preSolution
		Debug|Any CPU = Debug|Any CPU
		Release|Any CPU = Release|Any CPU
	EndGlobalSection
	GlobalSection(ProjectConfigurationPlatforms) = postSolution
		{F088EED1-F6B6-0A78-BC14-9A79BA2922AA}.Debug|Any CPU.ActiveCfg = Debug|Any CPU
		{F088EED1-F6B6-0A78-BC14-9A79BA2922AA}.Debug|Any CPU.Build.0 = Debug|Any CPU
		{F088EED1-F6B6-0A78-BC14-9A79BA2922AA}.Release|Any CPU.ActiveCfg = Release|Any CPU
		{F088EED1-F6B6-0A78-BC14-9A79BA2922AA}.Release|Any CPU.Build.0 = Release|Any CPU
	EndGlobalSection
	GlobalSection(SolutionProperties) = preSolution
		HideSolutionNode = FALSE
	EndGlobalSection
EndGlobal
